
Microsoft Visual Studio Solution File, Format Version 12.00
# Visual Studio Version 17
VisualStudioVersion = 17.14.36623.8 d17.14
MinimumVisualStudioVersion = 10.0.40219.1
Project("{8BC9CEB8-8B4A-11D0-8D11-00A0C91BC942}") = "oop", "oop\oop.vcxproj", "{D3A3BA7F-1E28-480F-B9AA-8736ED27FF68}"
EndProject
Global
	GlobalSection(SolutionConfigurationPlatforms) = preSolution
		Debug|x64 = Debug|x64
		Debug|x86 = Debug|x86
		Release|x64 = Release|x64
		Release|x86 = Release|x86
	EndGlobalSection
	GlobalSection(ProjectConfigurationPlatforms) = postSolution
		{D3A3BA7F-1E28-480F-B9AA-8736ED27FF68}.Debug|x64.ActiveCfg = Debug|x64
		{D3A3BA7F-1E28-480F-B9AA-8736ED27FF68}.Debug|x64.Build.0 = Debug|x64
		{D3A3BA7F-1E28-480F-B9AA-8736ED27FF68}.Debug|x86.ActiveCfg = Debug|Win32
		{D3A3BA7F-1E28-480F-B9AA-8736ED27FF68}.Debug|x86.Build.0 = Debug|Win32
		{D3A3BA7F-1E28-480F-B9AA-8736ED27FF68}.Release|x64.ActiveCfg = Release|x64
		{D3A3BA7F-1E28-480F-B9AA-8736ED27FF68}.Release|x64.Build.0 = Release|x64
		{D3A3BA7F-1E28-480F-B9AA-8736ED27FF68}.Release|x86.ActiveCfg = Release|Win32
		{D3A3BA7F-1E28-480F-B9AA-8736ED27FF68}.Release|x86.Build.0 = Release|Win32
	EndGlobalSection
	GlobalSection(SolutionProperties) = preSolution
		HideSolutionNode = FALSE
	EndGlobalSection
	GlobalSection(ExtensibilityGlobals) = postSolution
		SolutionGuid = {38BC92BB-98CE-4932-B3A0-3117A8F31ADD}
	EndGlobalSection
EndGlobal
